
Microsoft Visual Studio Solution File, Format Version 12.00
# Visual Studio Version 17
VisualStudioVersion = 17.2.32526.322
MinimumVisualStudioVersion = 10.0.40219.1
Project("{9A19103F-16F7-4668-BE54-9A1E7A4F7556}") = "NovelDownloaderBeta", "NovelDownloaderBeta\NovelDownloaderBeta.csproj", "{B7F03A68-FA8C-4CBA-A973-0170B987338B}"
EndProject
Global
	GlobalSection(SolutionConfigurationPlatforms) = preSolution
		Debug|Any CPU = Debug|Any CPU
		Release|Any CPU = Release|Any CPU
	EndGlobalSection
	GlobalSection(ProjectConfigurationPlatforms) = postSolution
		{B7F03A68-FA8C-4CBA-A973-0170B987338B}.Debug|Any CPU.ActiveCfg = Debug|Any CPU
		{B7F03A68-FA8C-4CBA-A973-0170B987338B}.Debug|Any CPU.Build.0 = Debug|Any CPU
		{B7F03A68-FA8C-4CBA-A973-0170B987338B}.Release|Any CPU.ActiveCfg = Release|Any CPU
		{B7F03A68-FA8C-4CBA-A973-0170B987338B}.Release|Any CPU.Build.0 = Release|Any CPU
	EndGlobalSection
	GlobalSection(SolutionProperties) = preSolution
		HideSolutionNode = FALSE
	EndGlobalSection
	GlobalSection(ExtensibilityGlobals) = postSolution
		SolutionGuid = {968AC7B2-1874-4D24-903E-6BA314FFF07E}
	EndGlobalSection
EndGlobal
